// !$*UTF8*$!
{
	archiveVersion = 1;
	classes = {
	};
	objectVersion = 77;
	objects = {

/* Begin PBXBuildFile section */
		086DEBE43035EDE200BBE37F /* Sparkle in Frameworks */ = {isa = PBXBuildFile; productRef = 9C5A2D3E7F1B4A6C8D0E2F10 /* Sparkle */; };
/* End PBXBuildFile section */

/* Begin PBXContainerItemProxy section */
		08C56CEA301F7A1C009FC12F /* PBXContainerItemProxy */ = {
			isa = PBXContainerItemProxy;
			containerPortal = 08C56CD3301F7A1B009FC12F /* Project object */;
			proxyType = 1;
			remoteGlobalIDString = 08C56CDA301F7A1B009FC12F;
			remoteInfo = Egangnal;
		};
		08C56CF4301F7A1C009FC12F /* PBXContainerItemProxy */ = {
			isa = PBXContainerItemProxy;
			containerPortal = 08C56CD3301F7A1B009FC12F /* Project object */;
			proxyType = 1;
			remoteGlobalIDString = 08C56CDA301F7A1B009FC12F;
			remoteInfo = Egangnal;
		};
/* End PBXContainerItemProxy section */

/* Begin PBXFileReference section */
		08C56CDB301F7A1B009FC12F /* Egangnal.app */ = {isa = PBXFileReference; explicitFileType = wrapper.application; includeInIndex = 0; path = Egangnal.app; sourceTree = BUILT_PRODUCTS_DIR; };
		08C56CE9301F7A1C009FC12F /* EgangnalTests.xctest */ = {isa = PBXFileReference; explicitFileType = wrapper.cfbundle; includeInIndex = 0; path = EgangnalTests.xctest; sourceTree = BUILT_PRODUCTS_DIR; };
		08C56CF3301F7A1C009FC12F /* EgangnalUITests.xctest */ = {isa = PBXFileReference; explicitFileType = wrapper.cfbundle; includeInIndex = 0; path = EgangnalUITests.xctest; sourceTree = BUILT_PRODUCTS_DIR; };
/* End PBXFileReference section */

/* Begin PBXFileSystemSynchronizedBuildFileExceptionSet section */
		9C5A2D3E7F1B4A6C8D0E2F12 /* Exceptions for "Egangnal" folder in "Egangnal" target */ = {
			isa = PBXFileSystemSynchronizedBuildFileExceptionSet;
			membershipExceptions = (
				Info.plist,
			);
			target = 08C56CDA301F7A1B009FC12F /* Egangnal */;
		};
/* End PBXFileSystemSynchronizedBuildFileExceptionSet section */

/* Begin PBXFileSystemSynchronizedRootGroup section */
		08C56CDD301F7A1B009FC12F /* Egangnal */ = {
			isa = PBXFileSystemSynchronizedRootGroup;
			exceptions = (
				9C5A2D3E7F1B4A6C8D0E2F12 /* Exceptions for "Egangnal" folder in "Egangnal" target */,
			);
			path = Egangnal;
			sourceTree = "<group>";
		};
		08C56CEC301F7A1C009FC12F /* EgangnalTests */ = {
			isa = PBXFileSystemSynchronizedRootGroup;
			path = EgangnalTests;
			sourceTree = "<group>";
		};
		08C56CF6301F7A1C009FC12F /* EgangnalUITests */ = {
			isa = PBXFileSystemSynchronizedRootGroup;
			path = EgangnalUITests;
			sourceTree = "<group>";
		};
/* End PBXFileSystemSynchronizedRootGroup section */

/* Begin PBXFrameworksBuildPhase section */
		08C56CD8301F7A1B009FC12F /* Frameworks */ = {
			isa = PBXFrameworksBuildPhase;
			buildActionMask = 2147483647;
			files = (
				086DEBE43035EDE200BBE37F /* Sparkle in Frameworks */,
			);
			runOnlyForDeploymentPostprocessing = 0;
		};
		08C56CE6301F7A1C009FC12F /* Frameworks */ = {
			isa = PBXFrameworksBuildPhase;
			buildActionMask = 2147483647;
			files = (
			);
			runOnlyForDeploymentPostprocessing = 0;
		};
		08C56CF0301F7A1C009FC12F /* Frameworks */ = {
			isa = PBXFrameworksBuildPhase;
			buildActionMask = 2147483647;
			files = (
			);
			runOnlyForDeploymentPostprocessing = 0;
		};
/* End PBXFrameworksBuildPhase section */

/* Begin PBXGroup section */
		08C56CD2301F7A1B009FC12F = {
			isa = PBXGroup;
			children = (
				08C56CDD301F7A1B009FC12F /* Egangnal */,
				08C56CEC301F7A1C009FC12F /* EgangnalTests */,
				08C56CF6301F7A1C009FC12F /* EgangnalUITests */,
				08C56CDC301F7A1B009FC12F /* Products */,
			);
			sourceTree = "<group>";
		};
		08C56CDC301F7A1B009FC12F /* Products */ = {
			isa = PBXGroup;
			children = (
				08C56CDB301F7A1B009FC12F /* Egangnal.app */,
				08C56CE9301F7A1C009FC12F /* EgangnalTests.xctest */,
				08C56CF3301F7A1C009FC12F /* EgangnalUITests.xctest */,
			);
			name = Products;
			sourceTree = "<group>";
		};
/* End PBXGroup section */

/* Begin PBXNativeTarget section */
		08C56CDA301F7A1B009FC12F /* Egangnal */ = {
			isa = PBXNativeTarget;
			buildConfigurationList = 08C56CFD301F7A1C009FC12F /* Build configuration list for PBXNativeTarget "Egangnal" */;
			buildPhases = (
				08C56CD7301F7A1B009FC12F /* Sources */,
				08C56CD8301F7A1B009FC12F /* Frameworks */,
				08C56CD9301F7A1B009FC12F /* Resources */,
			);
			buildRules = (
			);
			dependencies = (
			);
			fileSystemSynchronizedGroups = (
				08C56CDD301F7A1B009FC12F /* Egangnal */,
			);
			name = Egangnal;
			packageProductDependencies = (
				9C5A2D3E7F1B4A6C8D0E2F10 /* Sparkle */,
			);
			productName = Egangnal;
			productReference = 08C56CDB301F7A1B009FC12F /* Egangnal.app */;
			productType = "com.apple.product-type.application";
		};
		08C56CE8301F7A1C009FC12F /* EgangnalTests */ = {
			isa = PBXNativeTarget;
			buildConfigurationList = 08C56D00301F7A1C009FC12F /* Build configuration list for PBXNativeTarget "EgangnalTests" */;
			buildPhases = (
				08C56CE5301F7A1C009FC12F /* Sources */,
				08C56CE6301F7A1C009FC12F /* Frameworks */,
				08C56CE7301F7A1C009FC12F /* Resources */,
			);
			buildRules = (
			);
			dependencies = (
				08C56CEB301F7A1C009FC12F /* PBXTargetDependency */,
			);
			fileSystemSynchronizedGroups = (
				08C56CEC301F7A1C009FC12F /* EgangnalTests */,
			);
			name = EgangnalTests;
			packageProductDependencies = (
			);
			productName = EgangnalTests;
			productReference = 08C56CE9301F7A1C009FC12F /* EgangnalTests.xctest */;
			productType = "com.apple.product-type.bundle.unit-test";
		};
		08C56CF2301F7A1C009FC12F /* EgangnalUITests */ = {
			isa = PBXNativeTarget;
			buildConfigurationList = 08C56D03301F7A1C009FC12F /* Build configuration list for PBXNativeTarget "EgangnalUITests" */;
			buildPhases = (
				08C56CEF301F7A1C009FC12F /* Sources */,
				08C56CF0301F7A1C009FC12F /* Frameworks */,
				08C56CF1301F7A1C009FC12F /* Resources */,
			);
			buildRules = (
			);
			dependencies = (
				08C56CF5301F7A1C009FC12F /* PBXTargetDependency */,
			);
			fileSystemSynchronizedGroups = (
				08C56CF6301F7A1C009FC12F /* EgangnalUITests */,
			);
			name = EgangnalUITests;
			packageProductDependencies = (
			);
			productName = EgangnalUITests;
			productReference = 08C56CF3301F7A1C009FC12F /* EgangnalUITests.xctest */;
			productType = "com.apple.product-type.bundle.ui-testing";
		};
/* End PBXNativeTarget section */

/* Begin PBXProject section */
		08C56CD3301F7A1B009FC12F /* Project object */ = {
			isa = PBXProject;
			attributes = {
				BuildIndependentTargetsInParallel = 1;
				LastSwiftUpdateCheck = 1640;
				LastUpgradeCheck = 1640;
				TargetAttributes = {
					08C56CDA301F7A1B009FC12F = {
						CreatedOnToolsVersion = 16.4;
					};
					08C56CE8301F7A1C009FC12F = {
						CreatedOnToolsVersion = 16.4;
						TestTargetID = 08C56CDA301F7A1B009FC12F;
					};
					08C56CF2301F7A1C009FC12F = {
						CreatedOnToolsVersion = 16.4;
						TestTargetID = 08C56CDA301F7A1B009FC12F;
					};
				};
			};
			buildConfigurationList = 08C56CD6301F7A1B009FC12F /* Build configuration list for PBXProject "Egangnal" */;
			developmentRegion = en;
			hasScannedForEncodings = 0;
			knownRegions = (
				en,
				Base,
			);
			mainGroup = 08C56CD2301F7A1B009FC12F;
			minimizedProjectReferenceProxies = 1;
			packageReferences = (
				9C5A2D3E7F1B4A6C8D0E2F11 /* XCRemoteSwiftPackageReference "Sparkle" */,
			);
			preferredProjectObjectVersion = 77;
			productRefGroup = 08C56CDC301F7A1B009FC12F /* Products */;
			projectDirPath = "";
			projectRoot = "";
			targets = (
				08C56CDA301F7A1B009FC12F /* Egangnal */,
				08C56CE8301F7A1C009FC12F /* EgangnalTests */,
				08C56CF2301F7A1C009FC12F /* EgangnalUITests */,
			);
		};
/* End PBXProject section */

/* Begin PBXResourcesBuildPhase section */
		08C56CD9301F7A1B009FC12F /* Resources */ = {
			isa = PBXResourcesBuildPhase;
			buildActionMask = 2147483647;
			files = (
			);
			runOnlyForDeploymentPostprocessing = 0;
		};
		08C56CE7301F7A1C009FC12F /* Resources */ = {
			isa = PBXResourcesBuildPhase;
			buildActionMask = 2147483647;
			files = (
			);
			runOnlyForDeploymentPostprocessing = 0;
		};
		08C56CF1301F7A1C009FC12F /* Resources */ = {
			isa = PBXResourcesBuildPhase;
			buildActionMask = 2147483647;
			files = (
			);
			runOnlyForDeploymentPostprocessing = 0;
		};
/* End PBXResourcesBuildPhase section */

/* Begin PBXSourcesBuildPhase section */
		08C56CD7301F7A1B009FC12F /* Sources */ = {
			isa = PBXSourcesBuildPhase;
			buildActionMask = 2147483647;
			files = (
			);
			runOnlyForDeploymentPostprocessing = 0;
		};
		08C56CE5301F7A1C009FC12F /* Sources */ = {
			isa = PBXSourcesBuildPhase;
			buildActionMask = 2147483647;
			files = (
			);
			runOnlyForDeploymentPostprocessing = 0;
		};
		08C56CEF301F7A1C009FC12F /* Sources */ = {
			isa = PBXSourcesBuildPhase;
			buildActionMask = 2147483647;
			files = (
			);
			runOnlyForDeploymentPostprocessing = 0;
		};
/* End PBXSourcesBuildPhase section */

/* Begin PBXTargetDependency section */
		08C56CEB301F7A1C009FC12F /* PBXTargetDependency */ = {
			isa = PBXTargetDependency;
			target = 08C56CDA301F7A1B009FC12F /* Egangnal */;
			targetProxy = 08C56CEA301F7A1C009FC12F /* PBXContainerItemProxy */;
		};
		08C56CF5301F7A1C009FC12F /* PBXTargetDependency */ = {
			isa = PBXTargetDependency;
			target = 08C56CDA301F7A1B009FC12F /* Egangnal */;
			targetProxy = 08C56CF4301F7A1C009FC12F /* PBXContainerItemProxy */;
		};
/* End PBXTargetDependency section */

/* Begin XCBuildConfiguration section */
		08C56CFB301F7A1C009FC12F /* Debug */ = {
			isa = XCBuildConfiguration;
			buildSettings = {
				ALWAYS_SEARCH_USER_PATHS = NO;
				ASSETCATALOG_COMPILER_GENERATE_SWIFT_ASSET_SYMBOL_EXTENSIONS = YES;
				CLANG_ANALYZER_NONNULL = YES;
				CLANG_ANALYZER_NUMBER_OBJECT_CONVERSION = YES_AGGRESSIVE;
				CLANG_CXX_LANGUAGE_STANDARD = "gnu++20";
				CLANG_ENABLE_MODULES = YES;
				CLANG_ENABLE_OBJC_ARC = YES;
				CLANG_ENABLE_OBJC_WEAK = YES;
				CLANG_WARN_BLOCK_CAPTURE_AUTORELEASING = YES;
				CLANG_WARN_BOOL_CONVERSION = YES;
				CLANG_WARN_COMMA = YES;
				CLANG_WARN_CONSTANT_CONVERSION = YES;
				CLANG_WARN_DEPRECATED_OBJC_IMPLEMENTATIONS = YES;
				CLANG_WARN_DIRECT_OBJC_ISA_USAGE = YES_ERROR;
				CLANG_WARN_DOCUMENTATION_COMMENTS = YES;
				CLANG_WARN_EMPTY_BODY = YES;
				CLANG_WARN_ENUM_CONVERSION = YES;
				CLANG_WARN_INFINITE_RECURSION = YES;
				CLANG_WARN_INT_CONVERSION = YES;
				CLANG_WARN_NON_LITERAL_NULL_CONVERSION = YES;
				CLANG_WARN_OBJC_IMPLICIT_RETAIN_SELF = YES;
				CLANG_WARN_OBJC_LITERAL_CONVERSION = YES;
				CLANG_WARN_OBJC_ROOT_CLASS = YES_ERROR;
				CLANG_WARN_QUOTED_INCLUDE_IN_FRAMEWORK_HEADER = YES;
				CLANG_WARN_RANGE_LOOP_ANALYSIS = YES;
				CLANG_WARN_STRICT_PROTOTYPES = YES;
				CLANG_WARN_SUSPICIOUS_MOVE = YES;
				CLANG_WARN_UNGUARDED_AVAILABILITY = YES_AGGRESSIVE;
				CLANG_WARN_UNREACHABLE_CODE = YES;
				CLANG_WARN__DUPLICATE_METHOD_MATCH = YES;
				COPY_PHASE_STRIP = NO;
				DEBUG_INFORMATION_FORMAT = dwarf;
				ENABLE_STRICT_OBJC_MSGSEND = YES;
				ENABLE_TESTABILITY = YES;
				ENABLE_USER_SCRIPT_SANDBOXING = YES;
				GCC_C_LANGUAGE_STANDARD = gnu17;
				GCC_DYNAMIC_NO_PIC = NO;
				GCC_NO_COMMON_BLOCKS = YES;
				GCC_OPTIMIZATION_LEVEL = 0;
				GCC_PREPROCESSOR_DEFINITIONS = (
					"DEBUG=1",
					"$(inherited)",
				);
				GCC_WARN_64_TO_32_BIT_CONVERSION = YES;
				GCC_WARN_ABOUT_RETURN_TYPE = YES_ERROR;
				GCC_WARN_UNDECLARED_SELECTOR = YES;
				GCC_WARN_UNINITIALIZED_AUTOS = YES_AGGRESSIVE;
				GCC_WARN_UNUSED_FUNCTION = YES;
				GCC_WARN_UNUSED_VARIABLE = YES;
				LOCALIZATION_PREFERS_STRING_CATALOGS = YES;
				MACOSX_DEPLOYMENT_TARGET = 15.0;
				MTL_ENABLE_DEBUG_INFO = INCLUDE_SOURCE;
				MTL_FAST_MATH = YES;
				ONLY_ACTIVE_ARCH = YES;
				SDKROOT = macosx;
				SWIFT_ACTIVE_COMPILATION_CONDITIONS = "DEBUG $(inherited)";
				SWIFT_OPTIMIZATION_LEVEL = "-Onone";
			};
			name = Debug;
		};
		08C56CFC301F7A1C009FC12F /* Release */ = {
			isa = XCBuildConfiguration;
			buildSettings = {
				ALWAYS_SEARCH_USER_PATHS = NO;
				ASSETCATALOG_COMPILER_GENERATE_SWIFT_ASSET_SYMBOL_EXTENSIONS = YES;
				CLANG_ANALYZER_NONNULL = YES;
				CLANG_ANALYZER_NUMBER_OBJECT_CONVERSION = YES_AGGRESSIVE;
				CLANG_CXX_LANGUAGE_STANDARD = "gnu++20";
				CLANG_ENABLE_MODULES = YES;
				CLANG_ENABLE_OBJC_ARC = YES;
				CLANG_ENABLE_OBJC_WEAK = YES;
				CLANG_WARN_BLOCK_CAPTURE_AUTORELEASING = YES;
				CLANG_WARN_BOOL_CONVERSION = YES;
				CLANG_WARN_COMMA = YES;
				CLANG_WARN_CONSTANT_CONVERSION = YES;
				CLANG_WARN_DEPRECATED_OBJC_IMPLEMENTATIONS = YES;
				CLANG_WARN_DIRECT_OBJC_ISA_USAGE = YES_ERROR;
				CLANG_WARN_DOCUMENTATION_COMMENTS = YES;
				CLANG_WARN_EMPTY_BODY = YES;
				CLANG_WARN_ENUM_CONVERSION = YES;
				CLANG_WARN_INFINITE_RECURSION = YES;
				CLANG_WARN_INT_CONVERSION = YES;
				CLANG_WARN_NON_LITERAL_NULL_CONVERSION = YES;
				CLANG_WARN_OBJC_IMPLICIT_RETAIN_SELF = YES;
				CLANG_WARN_OBJC_LITERAL_CONVERSION = YES;
				CLANG_WARN_OBJC_ROOT_CLASS = YES_ERROR;
				CLANG_WARN_QUOTED_INCLUDE_IN_FRAMEWORK_HEADER = YES;
				CLANG_WARN_RANGE_LOOP_ANALYSIS = YES;
				CLANG_WARN_STRICT_PROTOTYPES = YES;
				CLANG_WARN_SUSPICIOUS_MOVE = YES;
				CLANG_WARN_UNGUARDED_AVAILABILITY = YES_AGGRESSIVE;
				CLANG_WARN_UNREACHABLE_CODE = YES;
				CLANG_WARN__DUPLICATE_METHOD_MATCH = YES;
				COPY_PHASE_STRIP = NO;
				DEBUG_INFORMATION_FORMAT = "dwarf-with-dsym";
				ENABLE_NS_ASSERTIONS = NO;
				ENABLE_STRICT_OBJC_MSGSEND = YES;
				ENABLE_USER_SCRIPT_SANDBOXING = YES;
				GCC_C_LANGUAGE_STANDARD = gnu17;
				GCC_NO_COMMON_BLOCKS = YES;
				GCC_WARN_64_TO_32_BIT_CONVERSION = YES;
				GCC_WARN_ABOUT_RETURN_TYPE = YES_ERROR;
				GCC_WARN_UNDECLARED_SELECTOR = YES;
				GCC_WARN_UNINITIALIZED_AUTOS = YES_AGGRESSIVE;
				GCC_WARN_UNUSED_FUNCTION = YES;
				GCC_WARN_UNUSED_VARIABLE = YES;
				LOCALIZATION_PREFERS_STRING_CATALOGS = YES;
				MACOSX_DEPLOYMENT_TARGET = 15.0;
				MTL_ENABLE_DEBUG_INFO = NO;
				MTL_FAST_MATH = YES;
				SDKROOT = macosx;
				SWIFT_COMPILATION_MODE = wholemodule;
			};
			name = Release;
		};
		08C56CFE301F7A1C009FC12F /* Debug */ = {
			isa = XCBuildConfiguration;
			buildSettings = {
				ASSETCATALOG_COMPILER_APPICON_NAME = AppIcon;
				ASSETCATALOG_COMPILER_GLOBAL_ACCENT_COLOR_NAME = AccentColor;
				CODE_SIGN_ENTITLEMENTS = Egangnal/Egangnal.entitlements;
				CODE_SIGN_STYLE = Automatic;
				COMBINE_HIDPI_IMAGES = YES;
				CURRENT_PROJECT_VERSION = 4;
				EGANGNAL_UPDATE_FEED_URL = "";
				ENABLE_PREVIEWS = YES;
				GENERATE_INFOPLIST_FILE = NO;
				INFOPLIST_FILE = Egangnal/Info.plist;
				LD_RUNPATH_SEARCH_PATHS = (
					"$(inherited)",
					"@executable_path/../Frameworks",
				);
				MACOSX_DEPLOYMENT_TARGET = 15.0;
				MARKETING_VERSION = 1.0.3;
				PRODUCT_BUNDLE_IDENTIFIER = com.ly.Egangnal;
				PRODUCT_NAME = "$(TARGET_NAME)";
				REGISTER_APP_GROUPS = YES;
				SWIFT_EMIT_LOC_STRINGS = YES;
				SWIFT_VERSION = 6.0;
			};
			name = Debug;
		};
		08C56CFF301F7A1C009FC12F /* Release */ = {
			isa = XCBuildConfiguration;
			buildSettings = {
				ASSETCATALOG_COMPILER_APPICON_NAME = AppIcon;
				ASSETCATALOG_COMPILER_GLOBAL_ACCENT_COLOR_NAME = AccentColor;
				CODE_SIGN_ENTITLEMENTS = Egangnal/EgangnalRelease.entitlements;
				CODE_SIGN_INJECT_BASE_ENTITLEMENTS = NO;
				CODE_SIGN_STYLE = Automatic;
				COMBINE_HIDPI_IMAGES = YES;
				CURRENT_PROJECT_VERSION = 4;
				EGANGNAL_UPDATE_FEED_URL = "https://leebh6045-lang.github.io/Egangnal/updates/appcast.xml";
				ENABLE_HARDENED_RUNTIME = YES;
				ENABLE_PREVIEWS = YES;
				GENERATE_INFOPLIST_FILE = NO;
				INFOPLIST_FILE = Egangnal/Info.plist;
				LD_RUNPATH_SEARCH_PATHS = (
					"$(inherited)",
					"@executable_path/../Frameworks",
				);
				MACOSX_DEPLOYMENT_TARGET = 15.0;
				MARKETING_VERSION = 1.0.3;
				PRODUCT_BUNDLE_IDENTIFIER = com.ly.Egangnal;
				PRODUCT_NAME = "$(TARGET_NAME)";
				REGISTER_APP_GROUPS = YES;
				SWIFT_EMIT_LOC_STRINGS = YES;
				SWIFT_VERSION = 6.0;
			};
			name = Release;
		};
		08C56D01301F7A1C009FC12F /* Debug */ = {
			isa = XCBuildConfiguration;
			buildSettings = {
				BUNDLE_LOADER = "$(TEST_HOST)";
				CODE_SIGN_STYLE = Automatic;
				CURRENT_PROJECT_VERSION = 1;
				GENERATE_INFOPLIST_FILE = YES;
				MACOSX_DEPLOYMENT_TARGET = 15.0;
				MARKETING_VERSION = 1.0;
				PRODUCT_BUNDLE_IDENTIFIER = com.ly.EgangnalTests;
				PRODUCT_NAME = "$(TARGET_NAME)";
				SWIFT_EMIT_LOC_STRINGS = NO;
				SWIFT_VERSION = 6.0;
				TEST_HOST = "$(BUILT_PRODUCTS_DIR)/Egangnal.app/$(BUNDLE_EXECUTABLE_FOLDER_PATH)/Egangnal";
			};
			name = Debug;
		};
		08C56D02301F7A1C009FC12F /* Release */ = {
			isa = XCBuildConfiguration;
			buildSettings = {
				BUNDLE_LOADER = "$(TEST_HOST)";
				CODE_SIGN_STYLE = Automatic;
				CURRENT_PROJECT_VERSION = 1;
				GENERATE_INFOPLIST_FILE = YES;
				MACOSX_DEPLOYMENT_TARGET = 15.0;
				MARKETING_VERSION = 1.0;
				PRODUCT_BUNDLE_IDENTIFIER = com.ly.EgangnalTests;
				PRODUCT_NAME = "$(TARGET_NAME)";
				SWIFT_EMIT_LOC_STRINGS = NO;
				SWIFT_VERSION = 6.0;
				TEST_HOST = "$(BUILT_PRODUCTS_DIR)/Egangnal.app/$(BUNDLE_EXECUTABLE_FOLDER_PATH)/Egangnal";
			};
			name = Release;
		};
		08C56D04301F7A1C009FC12F /* Debug */ = {
			isa = XCBuildConfiguration;
			buildSettings = {
				CODE_SIGN_STYLE = Automatic;
				CURRENT_PROJECT_VERSION = 1;
				GENERATE_INFOPLIST_FILE = YES;
				MARKETING_VERSION = 1.0;
				PRODUCT_BUNDLE_IDENTIFIER = com.ly.EgangnalUITests;
				PRODUCT_NAME = "$(TARGET_NAME)";
				SWIFT_EMIT_LOC_STRINGS = NO;
				SWIFT_VERSION = 6.0;
				TEST_TARGET_NAME = Egangnal;
			};
			name = Debug;
		};
		08C56D05301F7A1C009FC12F /* Release */ = {
			isa = XCBuildConfiguration;
			buildSettings = {
				CODE_SIGN_STYLE = Automatic;
				CURRENT_PROJECT_VERSION = 1;
				GENERATE_INFOPLIST_FILE = YES;
				MARKETING_VERSION = 1.0;
				PRODUCT_BUNDLE_IDENTIFIER = com.ly.EgangnalUITests;
				PRODUCT_NAME = "$(TARGET_NAME)";
				SWIFT_EMIT_LOC_STRINGS = NO;
				SWIFT_VERSION = 6.0;
				TEST_TARGET_NAME = Egangnal;
			};
			name = Release;
		};
/* End XCBuildConfiguration section */

/* Begin XCConfigurationList section */
		08C56CD6301F7A1B009FC12F /* Build configuration list for PBXProject "Egangnal" */ = {
			isa = XCConfigurationList;
			buildConfigurations = (
				08C56CFB301F7A1C009FC12F /* Debug */,
				08C56CFC301F7A1C009FC12F /* Release */,
			);
			defaultConfigurationIsVisible = 0;
			defaultConfigurationName = Release;
		};
		08C56CFD301F7A1C009FC12F /* Build configuration list for PBXNativeTarget "Egangnal" */ = {
			isa = XCConfigurationList;
			buildConfigurations = (
				08C56CFE301F7A1C009FC12F /* Debug */,
				08C56CFF301F7A1C009FC12F /* Release */,
			);
			defaultConfigurationIsVisible = 0;
			defaultConfigurationName = Release;
		};
		08C56D00301F7A1C009FC12F /* Build configuration list for PBXNativeTarget "EgangnalTests" */ = {
			isa = XCConfigurationList;
			buildConfigurations = (
				08C56D01301F7A1C009FC12F /* Debug */,
				08C56D02301F7A1C009FC12F /* Release */,
			);
			defaultConfigurationIsVisible = 0;
			defaultConfigurationName = Release;
		};
		08C56D03301F7A1C009FC12F /* Build configuration list for PBXNativeTarget "EgangnalUITests" */ = {
			isa = XCConfigurationList;
			buildConfigurations = (
				08C56D04301F7A1C009FC12F /* Debug */,
				08C56D05301F7A1C009FC12F /* Release */,
			);
			defaultConfigurationIsVisible = 0;
			defaultConfigurationName = Release;
		};
/* End XCConfigurationList section */

/* Begin XCRemoteSwiftPackageReference section */
		9C5A2D3E7F1B4A6C8D0E2F11 /* XCRemoteSwiftPackageReference "Sparkle" */ = {
			isa = XCRemoteSwiftPackageReference;
			repositoryURL = "https://github.com/sparkle-project/Sparkle";
			requirement = {
				kind = upToNextMajorVersion;
				minimumVersion = 2.9.6;
			};
		};
/* End XCRemoteSwiftPackageReference section */

/* Begin XCSwiftPackageProductDependency section */
		9C5A2D3E7F1B4A6C8D0E2F10 /* Sparkle */ = {
			isa = XCSwiftPackageProductDependency;
			package = 9C5A2D3E7F1B4A6C8D0E2F11 /* XCRemoteSwiftPackageReference "Sparkle" */;
			productName = Sparkle;
		};
/* End XCSwiftPackageProductDependency section */
	};
	rootObject = 08C56CD3301F7A1B009FC12F /* Project object */;
}
